
Microsoft Visual Studio Solution File, Format Version 12.00
# Visual Studio Version 17
VisualStudioVersion = 17.0.31903.59
MinimumVisualStudioVersion = 10.0.40219.1
Project("{F2A71F9B-5D33-465A-A702-920D77279786}") = "Technetium.Core", "Technetium.Core\Technetium.Core.fsproj", "{C7D4D32A-7567-44E0-A94B-B7C38EDF9D2F}"
EndProject
Project("{FAE04EC0-301F-11D3-BF4B-00C04F79EFBC}") = "Technetium.Web", "Technetium.Web\Technetium.Web.csproj", "{F6A95B01-413F-4470-8D79-0333E67FA86D}"
	ProjectSection(ProjectDependencies) = postProject
		{03D7DD8C-8FD3-4342-9638-0AC9C09F53EF} = {03D7DD8C-8FD3-4342-9638-0AC9C09F53EF}
	EndProjectSection
EndProject
Project("{2150E333-8FDC-42A3-9474-1A3956D46DE8}") = ".github", ".github", "{E367AF42-3353-4D06-B5D0-09B1A7F50801}"
EndProject
Project("{2150E333-8FDC-42A3-9474-1A3956D46DE8}") = "workflows", "workflows", "{8CBBE181-8EED-4BEE-A975-6B349DA57B6F}"
	ProjectSection(SolutionItems) = preProject
		.github\workflows\main.yml = .github\workflows\main.yml
	EndProjectSection
EndProject
Project("{2150E333-8FDC-42A3-9474-1A3956D46DE8}") = "Solution Items", "Solution Items", "{72985019-5598-4A49-8855-13DD4883522B}"
	ProjectSection(SolutionItems) = preProject
		.editorconfig = .editorconfig
		.gitignore = .gitignore
		CODE_OF_CONDUCT.md = CODE_OF_CONDUCT.md
		CONTRIBUTING.md = CONTRIBUTING.md
		LICENSE.md = LICENSE.md
		README.md = README.md
	EndProjectSection
EndProject
Project("{F2A71F9B-5D33-465A-A702-920D77279786}") = "Technetium.Tests", "Technetium.Tests\Technetium.Tests.fsproj", "{5D5DF9AE-96DB-4422-AF9C-0B681605C896}"
EndProject
Project("{FAE04EC0-301F-11D3-BF4B-00C04F79EFBC}") = "Technetium.Data", "Technetium.Data\Technetium.Data.csproj", "{CA69D983-B35F-4FF9-A136-8B24DBBEF776}"
EndProject
Project("{F2A71F9B-5D33-465A-A702-920D77279786}") = "Technetium.Console", "Technetium.Console\Technetium.Console.fsproj", "{4E72F9C5-E788-4DC0-B20D-8253F2A67285}"
EndProject
Project("{F2A71F9B-5D33-465A-A702-920D77279786}") = "Technetium.Google", "Technetium.Google\Technetium.Google.fsproj", "{D9FD5DC0-0500-45D9-A680-8CABC50585BD}"
EndProject
Project("{FAE04EC0-301F-11D3-BF4B-00C04F79EFBC}") = "Technetium.Frontend", "Technetium.Frontend\Technetium.Frontend.proj", "{03D7DD8C-8FD3-4342-9638-0AC9C09F53EF}"
EndProject
Project("{F2A71F9B-5D33-465A-A702-920D77279786}") = "Technetium.TestFramework", "Technetium.TestFramework\Technetium.TestFramework.fsproj", "{0B6CE22F-0996-4980-A15A-8790D729E4A8}"
EndProject
Project("{2150E333-8FDC-42A3-9474-1A3956D46DE8}") = ".config", ".config", "{A37D99FC-79B4-4968-A6DF-614B8B0CBC39}"
	ProjectSection(SolutionItems) = preProject
		.config\dotnet-tools.json = .config\dotnet-tools.json
	EndProjectSection
EndProject
Global
	GlobalSection(SolutionConfigurationPlatforms) = preSolution
		Debug|Any CPU = Debug|Any CPU
		Release|Any CPU = Release|Any CPU
	EndGlobalSection
	GlobalSection(SolutionProperties) = preSolution
		HideSolutionNode = FALSE
	EndGlobalSection
	GlobalSection(ProjectConfigurationPlatforms) = postSolution
		{C7D4D32A-7567-44E0-A94B-B7C38EDF9D2F}.Debug|Any CPU.ActiveCfg = Debug|Any CPU
		{C7D4D32A-7567-44E0-A94B-B7C38EDF9D2F}.Debug|Any CPU.Build.0 = Debug|Any CPU
		{C7D4D32A-7567-44E0-A94B-B7C38EDF9D2F}.Release|Any CPU.ActiveCfg = Release|Any CPU
		{C7D4D32A-7567-44E0-A94B-B7C38EDF9D2F}.Release|Any CPU.Build.0 = Release|Any CPU
		{F6A95B01-413F-4470-8D79-0333E67FA86D}.Debug|Any CPU.ActiveCfg = Debug|Any CPU
		{F6A95B01-413F-4470-8D79-0333E67FA86D}.Debug|Any CPU.Build.0 = Debug|Any CPU
		{F6A95B01-413F-4470-8D79-0333E67FA86D}.Release|Any CPU.ActiveCfg = Release|Any CPU
		{F6A95B01-413F-4470-8D79-0333E67FA86D}.Release|Any CPU.Build.0 = Release|Any CPU
		{5D5DF9AE-96DB-4422-AF9C-0B681605C896}.Debug|Any CPU.ActiveCfg = Debug|Any CPU
		{5D5DF9AE-96DB-4422-AF9C-0B681605C896}.Debug|Any CPU.Build.0 = Debug|Any CPU
		{5D5DF9AE-96DB-4422-AF9C-0B681605C896}.Release|Any CPU.ActiveCfg = Release|Any CPU
		{5D5DF9AE-96DB-4422-AF9C-0B681605C896}.Release|Any CPU.Build.0 = Release|Any CPU
		{CA69D983-B35F-4FF9-A136-8B24DBBEF776}.Debug|Any CPU.ActiveCfg = Debug|Any CPU
		{CA69D983-B35F-4FF9-A136-8B24DBBEF776}.Debug|Any CPU.Build.0 = Debug|Any CPU
		{CA69D983-B35F-4FF9-A136-8B24DBBEF776}.Release|Any CPU.ActiveCfg = Release|Any CPU
		{CA69D983-B35F-4FF9-A136-8B24DBBEF776}.Release|Any CPU.Build.0 = Release|Any CPU
		{4E72F9C5-E788-4DC0-B20D-8253F2A67285}.Debug|Any CPU.ActiveCfg = Debug|Any CPU
		{4E72F9C5-E788-4DC0-B20D-8253F2A67285}.Debug|Any CPU.Build.0 = Debug|Any CPU
		{4E72F9C5-E788-4DC0-B20D-8253F2A67285}.Release|Any CPU.ActiveCfg = Release|Any CPU
		{4E72F9C5-E788-4DC0-B20D-8253F2A67285}.Release|Any CPU.Build.0 = Release|Any CPU
		{D9FD5DC0-0500-45D9-A680-8CABC50585BD}.Debug|Any CPU.ActiveCfg = Debug|Any CPU
		{D9FD5DC0-0500-45D9-A680-8CABC50585BD}.Debug|Any CPU.Build.0 = Debug|Any CPU
		{D9FD5DC0-0500-45D9-A680-8CABC50585BD}.Release|Any CPU.ActiveCfg = Release|Any CPU
		{D9FD5DC0-0500-45D9-A680-8CABC50585BD}.Release|Any CPU.Build.0 = Release|Any CPU
		{03D7DD8C-8FD3-4342-9638-0AC9C09F53EF}.Debug|Any CPU.ActiveCfg = Debug|Any CPU
		{03D7DD8C-8FD3-4342-9638-0AC9C09F53EF}.Debug|Any CPU.Build.0 = Debug|Any CPU
		{03D7DD8C-8FD3-4342-9638-0AC9C09F53EF}.Release|Any CPU.ActiveCfg = Release|Any CPU
		{03D7DD8C-8FD3-4342-9638-0AC9C09F53EF}.Release|Any CPU.Build.0 = Release|Any CPU
		{0B6CE22F-0996-4980-A15A-8790D729E4A8}.Debug|Any CPU.ActiveCfg = Debug|Any CPU
		{0B6CE22F-0996-4980-A15A-8790D729E4A8}.Debug|Any CPU.Build.0 = Debug|Any CPU
		{0B6CE22F-0996-4980-A15A-8790D729E4A8}.Release|Any CPU.ActiveCfg = Release|Any CPU
		{0B6CE22F-0996-4980-A15A-8790D729E4A8}.Release|Any CPU.Build.0 = Release|Any CPU
	EndGlobalSection
	GlobalSection(NestedProjects) = preSolution
		{8CBBE181-8EED-4BEE-A975-6B349DA57B6F} = {E367AF42-3353-4D06-B5D0-09B1A7F50801}
	EndGlobalSection
EndGlobal
